
Microsoft Visual Studio Solution File, Format Version 12.00
# Visual Studio Version 17
VisualStudioVersion = 17.11.35327.3
MinimumVisualStudioVersion = 10.0.40219.1
Project("{FAE04EC0-301F-11D3-BF4B-00C04F79EFBC}") = "01. SumMatrixElements", "01. SumMatrixElements\01. SumMatrixElements.csproj", "{F91F4CB6-CF98-4276-9600-A8FFFEBBB38C}"
EndProject
Project("{FAE04EC0-301F-11D3-BF4B-00C04F79EFBC}") = "02. SumMatrixColumns", "02. SumMatrixColumns\02. SumMatrixColumns.csproj", "{B271767D-E681-4EC3-8C69-DB514A6474BB}"
EndProject
Project("{FAE04EC0-301F-11D3-BF4B-00C04F79EFBC}") = "03. PrimaryDiagonal", "03. PrimaryDiagonal\03. PrimaryDiagonal.csproj", "{58E42E55-1EFB-4DEB-B1AE-58831F9899D8}"
EndProject
Project("{FAE04EC0-301F-11D3-BF4B-00C04F79EFBC}") = "04. SymbolInMatrix", "04. SymbolInMatrix\04. SymbolInMatrix.csproj", "{CC70D2EB-F0A6-4FD5-9EF5-7B921CAB617C}"
EndProject
Project("{FAE04EC0-301F-11D3-BF4B-00C04F79EFBC}") = "05. SquareWithMaximumSum", "05. SquareWithMaximumSum\05. SquareWithMaximumSum.csproj", "{95CB6E03-A49A-4029-B6F6-F511A725A121}"
EndProject
Project("{FAE04EC0-301F-11D3-BF4B-00C04F79EFBC}") = "06. Jagged-ArrayModification", "06. Jagged-ArrayModification\06. Jagged-ArrayModification.csproj", "{862538D0-2072-411C-AB2F-781928B82FE4}"
EndProject
Project("{FAE04EC0-301F-11D3-BF4B-00C04F79EFBC}") = "07. PascalTriangle", "07. PascalTriangle\07. PascalTriangle.csproj", "{23DD18FF-72D2-46D6-BAD2-221C7CF2E5D9}"
EndProject
Project("{FAE04EC0-301F-11D3-BF4B-00C04F79EFBC}") = "08. DiagonalDifference", "08. DiagonalDifference\08. DiagonalDifference.csproj", "{FF2B4731-64D2-4BB3-AB23-9E7342A4EA2B}"
EndProject
Project("{FAE04EC0-301F-11D3-BF4B-00C04F79EFBC}") = "09. SquaresInMatrix", "09. SquaresInMatrix\09. SquaresInMatrix.csproj", "{265413A6-4474-4ECC-ABA4-09A48A871101}"
EndProject
Global
	GlobalSection(SolutionConfigurationPlatforms) = preSolution
		Debug|Any CPU = Debug|Any CPU
		Release|Any CPU = Release|Any CPU
	EndGlobalSection
	GlobalSection(ProjectConfigurationPlatforms) = postSolution
		{F91F4CB6-CF98-4276-9600-A8FFFEBBB38C}.Debug|Any CPU.ActiveCfg = Debug|Any CPU
		{F91F4CB6-CF98-4276-9600-A8FFFEBBB38C}.Debug|Any CPU.Build.0 = Debug|Any CPU
		{F91F4CB6-CF98-4276-9600-A8FFFEBBB38C}.Release|Any CPU.ActiveCfg = Release|Any CPU
		{F91F4CB6-CF98-4276-9600-A8FFFEBBB38C}.Release|Any CPU.Build.0 = Release|Any CPU
		{B271767D-E681-4EC3-8C69-DB514A6474BB}.Debug|Any CPU.ActiveCfg = Debug|Any CPU
		{B271767D-E681-4EC3-8C69-DB514A6474BB}.Debug|Any CPU.Build.0 = Debug|Any CPU
		{B271767D-E681-4EC3-8C69-DB514A6474BB}.Release|Any CPU.ActiveCfg = Release|Any CPU
		{B271767D-E681-4EC3-8C69-DB514A6474BB}.Release|Any CPU.Build.0 = Release|Any CPU
		{58E42E55-1EFB-4DEB-B1AE-58831F9899D8}.Debug|Any CPU.ActiveCfg = Debug|Any CPU
		{58E42E55-1EFB-4DEB-B1AE-58831F9899D8}.Debug|Any CPU.Build.0 = Debug|Any CPU
		{58E42E55-1EFB-4DEB-B1AE-58831F9899D8}.Release|Any CPU.ActiveCfg = Release|Any CPU
		{58E42E55-1EFB-4DEB-B1AE-58831F9899D8}.Release|Any CPU.Build.0 = Release|Any CPU
		{CC70D2EB-F0A6-4FD5-9EF5-7B921CAB617C}.Debug|Any CPU.ActiveCfg = Debug|Any CPU
		{CC70D2EB-F0A6-4FD5-9EF5-7B921CAB617C}.Debug|Any CPU.Build.0 = Debug|Any CPU
		{CC70D2EB-F0A6-4FD5-9EF5-7B921CAB617C}.Release|Any CPU.ActiveCfg = Release|Any CPU
		{CC70D2EB-F0A6-4FD5-9EF5-7B921CAB617C}.Release|Any CPU.Build.0 = Release|Any CPU
		{95CB6E03-A49A-4029-B6F6-F511A725A121}.Debug|Any CPU.ActiveCfg = Debug|Any CPU
		{95CB6E03-A49A-4029-B6F6-F511A725A121}.Debug|Any CPU.Build.0 = Debug|Any CPU
		{95CB6E03-A49A-4029-B6F6-F511A725A121}.Release|Any CPU.ActiveCfg = Release|Any CPU
		{95CB6E03-A49A-4029-B6F6-F511A725A121}.Release|Any CPU.Build.0 = Release|Any CPU
		{862538D0-2072-411C-AB2F-781928B82FE4}.Debug|Any CPU.ActiveCfg = Debug|Any CPU
		{862538D0-2072-411C-AB2F-781928B82FE4}.Debug|Any CPU.Build.0 = Debug|Any CPU
		{862538D0-2072-411C-AB2F-781928B82FE4}.Release|Any CPU.ActiveCfg = Release|Any CPU
		{862538D0-2072-411C-AB2F-781928B82FE4}.Release|Any CPU.Build.0 = Release|Any CPU
		{23DD18FF-72D2-46D6-BAD2-221C7CF2E5D9}.Debug|Any CPU.ActiveCfg = Debug|Any CPU
		{23DD18FF-72D2-46D6-BAD2-221C7CF2E5D9}.Debug|Any CPU.Build.0 = Debug|Any CPU
		{23DD18FF-72D2-46D6-BAD2-221C7CF2E5D9}.Release|Any CPU.ActiveCfg = Release|Any CPU
		{23DD18FF-72D2-46D6-BAD2-221C7CF2E5D9}.Release|Any CPU.Build.0 = Release|Any CPU
		{FF2B4731-64D2-4BB3-AB23-9E7342A4EA2B}.Debug|Any CPU.ActiveCfg = Debug|Any CPU
		{FF2B4731-64D2-4BB3-AB23-9E7342A4EA2B}.Debug|Any CPU.Build.0 = Debug|Any CPU
		{FF2B4731-64D2-4BB3-AB23-9E7342A4EA2B}.Release|Any CPU.ActiveCfg = Release|Any CPU
		{FF2B4731-64D2-4BB3-AB23-9E7342A4EA2B}.Release|Any CPU.Build.0 = Release|Any CPU
		{265413A6-4474-4ECC-ABA4-09A48A871101}.Debug|Any CPU.ActiveCfg = Debug|Any CPU
		{265413A6-4474-4ECC-ABA4-09A48A871101}.Debug|Any CPU.Build.0 = Debug|Any CPU
		{265413A6-4474-4ECC-ABA4-09A48A871101}.Release|Any CPU.ActiveCfg = Release|Any CPU
		{265413A6-4474-4ECC-ABA4-09A48A871101}.Release|Any CPU.Build.0 = Release|Any CPU
	EndGlobalSection
	GlobalSection(SolutionProperties) = preSolution
		HideSolutionNode = FALSE
	EndGlobalSection
	GlobalSection(ExtensibilityGlobals) = postSolution
		SolutionGuid = {632B9072-727C-4E96-8757-77C8F128F7D0}
	EndGlobalSection
EndGlobal
